
Microsoft Visual Studio Solution File, Format Version 12.00
# Visual Studio Version 17
VisualStudioVersion = 17.9.34607.119
MinimumVisualStudioVersion = 10.0.40219.1
Project("{9A19103F-16F7-4668-BE54-9A1E7A4F7556}") = "DiamondGenerator", "DiamondGenerator.csproj", "{4632B50F-8F8F-464C-90A4-B1B608FE795D}"
EndProject
Project("{FAE04EC0-301F-11D3-BF4B-00C04F79EFBC}") = "DiamondGenerator.Tests", "..\DiamondGenerator.Tests\DiamondGenerator.Tests.csproj", "{0DB93A7C-F8FE-44AC-9D14-54DF4EF7BEB7}"
EndProject
Global
	GlobalSection(SolutionConfigurationPlatforms) = preSolution
		Debug|Any CPU = Debug|Any CPU
		Release|Any CPU = Release|Any CPU
	EndGlobalSection
	GlobalSection(ProjectConfigurationPlatforms) = postSolution
		{4632B50F-8F8F-464C-90A4-B1B608FE795D}.Debug|Any CPU.ActiveCfg = Debug|Any CPU
		{4632B50F-8F8F-464C-90A4-B1B608FE795D}.Debug|Any CPU.Build.0 = Debug|Any CPU
		{4632B50F-8F8F-464C-90A4-B1B608FE795D}.Release|Any CPU.ActiveCfg = Release|Any CPU
		{4632B50F-8F8F-464C-90A4-B1B608FE795D}.Release|Any CPU.Build.0 = Release|Any CPU
		{0DB93A7C-F8FE-44AC-9D14-54DF4EF7BEB7}.Debug|Any CPU.ActiveCfg = Debug|Any CPU
		{0DB93A7C-F8FE-44AC-9D14-54DF4EF7BEB7}.Debug|Any CPU.Build.0 = Debug|Any CPU
		{0DB93A7C-F8FE-44AC-9D14-54DF4EF7BEB7}.Release|Any CPU.ActiveCfg = Release|Any CPU
		{0DB93A7C-F8FE-44AC-9D14-54DF4EF7BEB7}.Release|Any CPU.Build.0 = Release|Any CPU
	EndGlobalSection
	GlobalSection(SolutionProperties) = preSolution
		HideSolutionNode = FALSE
	EndGlobalSection
	GlobalSection(ExtensibilityGlobals) = postSolution
		SolutionGuid = {9ADED288-394F-478A-83A8-13AD5E59F59A}
	EndGlobalSection
EndGlobal
